{
    "name": "stratum-pool",
    "version": "0.1.9",
    "lockfileVersion": 1,
    "requires": true,
    "dependencies": {
        "async": {
            "version": "2.6.2",
            "resolved": "https://registry.npmjs.org/async/-/async-2.6.2.tgz",
            "integrity": "sha512-H1qVYh1MYhEEFLsP97cVKqCGo7KfCyTt6uEWqsTBr9SO84oK9Uwbyd/yCW+6rKJLHksBNUVWZDAjfS+Ccx0Bbg==",
            "requires": {
                "lodash": "^4.17.11"
            }
        },
        "base58-native": {
            "version": "0.1.4",
            "resolved": "https://registry.npmjs.org/base58-native/-/base58-native-0.1.4.tgz",
            "integrity": "sha512-kXfNvAXkmS+rwIQQ4sG2eP4ioJDI1CCcDOOuGnhR3jKTmJHMRuIGW7QGRb4op8/Kd+upsoyIprxS274FwUC9hw==",
            "requires": {
                "bignum": ">=0.6.1"
            }
        },
        "big-integer": {
            "version": "1.6.51",
            "resolved": "https://registry.npmjs.org/big-integer/-/big-integer-1.6.51.tgz",
            "integrity": "sha512-GPEid2Y9QU1Exl1rpO9B2IPJGHPSupF5GnVIP0blYvNOMer2bTvSWs1jGOUg04hTmu67nmLsQ9TBo1puaotBHg=="
        },
        "bignum": {
            "version": "0.13.1",
            "resolved": "https://registry.npmjs.org/bignum/-/bignum-0.13.1.tgz",
            "integrity": "sha512-sPtvw/knt6nmBm4fPgsu+FtNypM5y2Org723h9fAOl7UDgc8nyIbVbcBCatVR/nOJWCsKctSE14u+3bW5sAkFA==",
            "requires": {
                "bindings": "^1.5.0",
                "nan": "^2.14.0",
                "safe-buffer": "^5.2.0"
            }
        },
        "bindings": {
            "version": "1.5.0",
            "resolved": "https://registry.npmjs.org/bindings/-/bindings-1.5.0.tgz",
            "integrity": "sha512-p2q/t/mhvuOj/UeLlV6566GD/guowlr0hHxClI0W9m7MWYkL1F0hLo+0Aexs9HSPCtR1SXQ0TD3MMKrXZajbiQ==",
            "requires": {
                "file-uri-to-path": "1.0.0"
            }
        },
        "event-lite": {
            "version": "0.1.2",
            "resolved": "https://registry.npmjs.org/event-lite/-/event-lite-0.1.2.tgz",
            "integrity": "sha512-HnSYx1BsJ87/p6swwzv+2v6B4X+uxUteoDfRxsAb1S1BePzQqOLevVmkdA15GHJVd9A9Ok6wygUR18Hu0YeV9g=="
        },
        "file-uri-to-path": {
            "version": "1.0.0",
            "resolved": "https://registry.npmjs.org/file-uri-to-path/-/file-uri-to-path-1.0.0.tgz",
            "integrity": "sha512-0Zt+s3L7Vf1biwWZ29aARiVYLx7iMGnEUl9x33fbB/j3jR81u/O2LbqK+Bm1CDSNDKVtJ/YjwY7TUd5SkeLQLw=="
        },
        "human-size": {
            "version": "1.1.0",
            "resolved": "https://registry.npmjs.org/human-size/-/human-size-1.1.0.tgz",
            "integrity": "sha512-87GIsh59t9qL2939KBKmnT/EfcFk1suakkHoTjHsdnXB/JEU0ibz+9HRiwMueGVhKuRGby6bOtQHd+mIt4BIAQ=="
        },
        "ieee754": {
            "version": "1.2.1",
            "resolved": "https://registry.npmjs.org/ieee754/-/ieee754-1.2.1.tgz",
            "integrity": "sha512-dcyqhDvX1C46lXZcVqCpK+FtMRQVdIMN6/Df5js2zouUsqG7I6sFxitIC+7KYK29KdXOLHdu9zL4sFnoVQnqaA=="
        },
        "int64-buffer": {
            "version": "0.1.10",
            "resolved": "https://registry.npmjs.org/int64-buffer/-/int64-buffer-0.1.10.tgz",
            "integrity": "sha512-v7cSY1J8ydZ0GyjUHqF+1bshJ6cnEVLo9EnjB8p+4HDRPZc9N5jjmvUV7NvEsqQOKyH0pmIBFWXVQbiS0+OBbA=="
        },
        "is-any-type": {
            "version": "0.0.4",
            "resolved": "https://registry.npmjs.org/is-any-type/-/is-any-type-0.0.4.tgz",
            "integrity": "sha512-0Ank8Lc9bb8fkdMm8Rt7kipdXTfYxUu1txVx4gTdymsbsFRnYW9TgJ0HmVSCEdCTlEWp8QK1N2RQlsi34ypoPw=="
        },
        "isarray": {
            "version": "1.0.0",
            "resolved": "https://registry.npmjs.org/isarray/-/isarray-1.0.0.tgz",
            "integrity": "sha512-VLghIWNM6ELQzo7zwmcg0NmTVyWKYjvIeM83yjp0wRDTmUnrM678fQbcKBo6n2CJEF0szoG//ytg+TKla89ALQ=="
        },
        "js-base64": {
            "version": "3.7.4",
            "resolved": "https://registry.npmjs.org/js-base64/-/js-base64-3.7.4.tgz",
            "integrity": "sha512-wpM/wi20Tl+3ifTyi0RdDckS4YTD4Lf953mBRrpG8547T7hInHNPEj8+ck4gB8VDcGyeAWFK++Wb/fU1BeavKQ=="
        },
        "jsonpack": {
            "version": "1.1.5",
            "resolved": "https://registry.npmjs.org/jsonpack/-/jsonpack-1.1.5.tgz",
            "integrity": "sha512-d2vwomK605ks7Q+uCpbwGyoIF5j+UZuJjlYcugISBt3CxM+eBo/W6y63yVPIyIvbYON+pvJYsYZjCYbzqJj/xQ=="
        },
        "lodash": {
            "version": "4.17.21",
            "resolved": "https://registry.npmjs.org/lodash/-/lodash-4.17.21.tgz",
            "integrity": "sha512-v2kDEe57lecTulaDIuNTPy3Ry4gLGJ6Z1O3vE1krgXZNrsQ+LFTGHVxVjcXPs17LhbZVGedAJv8XZ1tvj5FvSg=="
        },
        "msgpack-lite": {
            "version": "0.1.26",
            "resolved": "https://registry.npmjs.org/msgpack-lite/-/msgpack-lite-0.1.26.tgz",
            "integrity": "sha512-SZ2IxeqZ1oRFGo0xFGbvBJWMp3yLIY9rlIJyxy8CGrwZn1f0ZK4r6jV/AM1r0FZMDUkWkglOk/eeKIL9g77Nxw==",
            "requires": {
                "event-lite": "^0.1.1",
                "ieee754": "^1.1.8",
                "int64-buffer": "^0.1.9",
                "isarray": "^1.0.0"
            }
        },
        "multi-hashing": {
            "version": "git+https://github.com/zone117x/node-multi-hashing.git#9cc3fc888b593a316e56f67f892006888f4081f9",
            "from": "git+https://github.com/zone117x/node-multi-hashing.git",
            "requires": {
                "bindings": "*",
                "nan": "^2.15.0"
            }
        },
        "nan": {
            "version": "2.17.0",
            "resolved": "https://registry.npmjs.org/nan/-/nan-2.17.0.tgz",
            "integrity": "sha512-2ZTgtl0nJsO0KQCjEpxcIr5D+Yv90plTitZt9JBfQvVJDS5seMl3FOvsh3+9CoYWXf/1l5OaZzzF6nDm4cagaQ=="
        },
        "nds-core": {
            "version": "2.0.9",
            "resolved": "https://registry.npmjs.org/nds-core/-/nds-core-2.0.9.tgz",
            "integrity": "sha512-ZBcYnBBygkZbRWnrLM/+DUEWqmHl0dkAB5A8rXkIRQzJy1gaJyD0QrIzxnccJ7sAHDw5Uv3+em9FX+31+EkYxg==",
            "requires": {
                "is-any-type": "0.0.4",
                "js-base64": "^3.7.2",
                "jsonpack": "^1.1.5",
                "msgpack-lite": "^0.1.26"
            }
        },
        "node-disk-storage": {
            "version": "0.0.6",
            "resolved": "https://registry.npmjs.org/node-disk-storage/-/node-disk-storage-0.0.6.tgz",
            "integrity": "sha512-/NlCIVpwa1+WAGJuZvXmOqMQ49XvrCyo5FHbw8f239kxzVqXX80jB76/aPP+HH1aGTLEUnYI7G44vMpbmo4g/g==",
            "requires": {
                "human-size": "^1.1.0",
                "is-any-type": "^0.0.4",
                "nds-core": "^2.0.9"
            }
        },
        "safe-buffer": {
            "version": "5.2.1",
            "resolved": "https://registry.npmjs.org/safe-buffer/-/safe-buffer-5.2.1.tgz",
            "integrity": "sha512-rp3So07KcdmmKbGvgaNxQSJr7bGVSVk5S9Eq1F+ppbRo70+YeaDxkw5Dd8NPN+GD6bjnYm2VuPuCXmpuYvmCXQ=="
        },
        "store2": {
            "version": "2.14.2",
            "resolved": "https://registry.npmjs.org/store2/-/store2-2.14.2.tgz",
            "integrity": "sha512-siT1RiqlfQnGqgT/YzXVUNsom9S0H1OX+dpdGN1xkyYATo4I6sep5NmsRD/40s3IIOvlCq6akxkqG82urIZW1w=="
        }
    }
}
